
Microsoft Visual Studio Solution File, Format Version 12.00
# Visual Studio Version 17
VisualStudioVersion = 17.2.32630.192
MinimumVisualStudioVersion = 10.0.40219.1
Project("{FAE04EC0-301F-11D3-BF4B-00C04F79EFBC}") = "GRPC.Server", "GRPC.Server\GRPC.Server.csproj", "{1C180044-FF0E-4048-BC52-47248B63BBCA}"
EndProject
Global
	GlobalSection(SolutionConfigurationPlatforms) = preSolution
		Debug|Any CPU = Debug|Any CPU
		Release|Any CPU = Release|Any CPU
	EndGlobalSection
	GlobalSection(ProjectConfigurationPlatforms) = postSolution
		{1C180044-FF0E-4048-BC52-47248B63BBCA}.Debug|Any CPU.ActiveCfg = Debug|Any CPU
		{1C180044-FF0E-4048-BC52-47248B63BBCA}.Debug|Any CPU.Build.0 = Debug|Any CPU
		{1C180044-FF0E-4048-BC52-47248B63BBCA}.Release|Any CPU.ActiveCfg = Release|Any CPU
		{1C180044-FF0E-4048-BC52-47248B63BBCA}.Release|Any CPU.Build.0 = Release|Any CPU
	EndGlobalSection
	GlobalSection(SolutionProperties) = preSolution
		HideSolutionNode = FALSE
	EndGlobalSection
	GlobalSection(ExtensibilityGlobals) = postSolution
		SolutionGuid = {0103AF18-4F8B-42A4-A3A6-245DC0880BC3}
	EndGlobalSection
EndGlobal
